
Microsoft Visual Studio Solution File, Format Version 12.00
# Visual Studio Version 17
VisualStudioVersion = 17.0.31903.59
MinimumVisualStudioVersion = 10.0.40219.1
Project("{FAE04EC0-301F-11D3-BF4B-00C04F79EFBC}") = "API", "API\API.csproj", "{FA15A248-D2F2-4B64-A9D0-90C3CA193B71}"
EndProject
Project("{FAE04EC0-301F-11D3-BF4B-00C04F79EFBC}") = "Application", "Application\Application.csproj", "{93CF3B88-4182-4EAB-8F3C-9F55BA551C0A}"
EndProject
Project("{FAE04EC0-301F-11D3-BF4B-00C04F79EFBC}") = "Domain", "Domain\Domain.csproj", "{862D4F95-4871-4079-9B89-1BF309D8A43B}"
EndProject
Project("{FAE04EC0-301F-11D3-BF4B-00C04F79EFBC}") = "Persistance", "Persistance\Persistance.csproj", "{BDDEF853-F3B0-4674-B475-1877214F0CE7}"
EndProject
Project("{FAE04EC0-301F-11D3-BF4B-00C04F79EFBC}") = "Infrastrucutre", "Infrastrucutre\Infrastrucutre.csproj", "{58D9A9AC-B9F8-4404-8534-C503D4C390D8}"
EndProject
Global
	GlobalSection(SolutionConfigurationPlatforms) = preSolution
		Debug|Any CPU = Debug|Any CPU
		Debug|x64 = Debug|x64
		Debug|x86 = Debug|x86
		Release|Any CPU = Release|Any CPU
		Release|x64 = Release|x64
		Release|x86 = Release|x86
	EndGlobalSection
	GlobalSection(ProjectConfigurationPlatforms) = postSolution
		{FA15A248-D2F2-4B64-A9D0-90C3CA193B71}.Debug|Any CPU.ActiveCfg = Debug|Any CPU
		{FA15A248-D2F2-4B64-A9D0-90C3CA193B71}.Debug|Any CPU.Build.0 = Debug|Any CPU
		{FA15A248-D2F2-4B64-A9D0-90C3CA193B71}.Debug|x64.ActiveCfg = Debug|Any CPU
		{FA15A248-D2F2-4B64-A9D0-90C3CA193B71}.Debug|x64.Build.0 = Debug|Any CPU
		{FA15A248-D2F2-4B64-A9D0-90C3CA193B71}.Debug|x86.ActiveCfg = Debug|Any CPU
		{FA15A248-D2F2-4B64-A9D0-90C3CA193B71}.Debug|x86.Build.0 = Debug|Any CPU
		{FA15A248-D2F2-4B64-A9D0-90C3CA193B71}.Release|Any CPU.ActiveCfg = Release|Any CPU
		{FA15A248-D2F2-4B64-A9D0-90C3CA193B71}.Release|Any CPU.Build.0 = Release|Any CPU
		{FA15A248-D2F2-4B64-A9D0-90C3CA193B71}.Release|x64.ActiveCfg = Release|Any CPU
		{FA15A248-D2F2-4B64-A9D0-90C3CA193B71}.Release|x64.Build.0 = Release|Any CPU
		{FA15A248-D2F2-4B64-A9D0-90C3CA193B71}.Release|x86.ActiveCfg = Release|Any CPU
		{FA15A248-D2F2-4B64-A9D0-90C3CA193B71}.Release|x86.Build.0 = Release|Any CPU
		{93CF3B88-4182-4EAB-8F3C-9F55BA551C0A}.Debug|Any CPU.ActiveCfg = Debug|Any CPU
		{93CF3B88-4182-4EAB-8F3C-9F55BA551C0A}.Debug|Any CPU.Build.0 = Debug|Any CPU
		{93CF3B88-4182-4EAB-8F3C-9F55BA551C0A}.Debug|x64.ActiveCfg = Debug|Any CPU
		{93CF3B88-4182-4EAB-8F3C-9F55BA551C0A}.Debug|x64.Build.0 = Debug|Any CPU
		{93CF3B88-4182-4EAB-8F3C-9F55BA551C0A}.Debug|x86.ActiveCfg = Debug|Any CPU
		{93CF3B88-4182-4EAB-8F3C-9F55BA551C0A}.Debug|x86.Build.0 = Debug|Any CPU
		{93CF3B88-4182-4EAB-8F3C-9F55BA551C0A}.Release|Any CPU.ActiveCfg = Release|Any CPU
		{93CF3B88-4182-4EAB-8F3C-9F55BA551C0A}.Release|Any CPU.Build.0 = Release|Any CPU
		{93CF3B88-4182-4EAB-8F3C-9F55BA551C0A}.Release|x64.ActiveCfg = Release|Any CPU
		{93CF3B88-4182-4EAB-8F3C-9F55BA551C0A}.Release|x64.Build.0 = Release|Any CPU
		{93CF3B88-4182-4EAB-8F3C-9F55BA551C0A}.Release|x86.ActiveCfg = Release|Any CPU
		{93CF3B88-4182-4EAB-8F3C-9F55BA551C0A}.Release|x86.Build.0 = Release|Any CPU
		{862D4F95-4871-4079-9B89-1BF309D8A43B}.Debug|Any CPU.ActiveCfg = Debug|Any CPU
		{862D4F95-4871-4079-9B89-1BF309D8A43B}.Debug|Any CPU.Build.0 = Debug|Any CPU
		{862D4F95-4871-4079-9B89-1BF309D8A43B}.Debug|x64.ActiveCfg = Debug|Any CPU
		{862D4F95-4871-4079-9B89-1BF309D8A43B}.Debug|x64.Build.0 = Debug|Any CPU
		{862D4F95-4871-4079-9B89-1BF309D8A43B}.Debug|x86.ActiveCfg = Debug|Any CPU
		{862D4F95-4871-4079-9B89-1BF309D8A43B}.Debug|x86.Build.0 = Debug|Any CPU
		{862D4F95-4871-4079-9B89-1BF309D8A43B}.Release|Any CPU.ActiveCfg = Release|Any CPU
		{862D4F95-4871-4079-9B89-1BF309D8A43B}.Release|Any CPU.Build.0 = Release|Any CPU
		{862D4F95-4871-4079-9B89-1BF309D8A43B}.Release|x64.ActiveCfg = Release|Any CPU
		{862D4F95-4871-4079-9B89-1BF309D8A43B}.Release|x64.Build.0 = Release|Any CPU
		{862D4F95-4871-4079-9B89-1BF309D8A43B}.Release|x86.ActiveCfg = Release|Any CPU
		{862D4F95-4871-4079-9B89-1BF309D8A43B}.Release|x86.Build.0 = Release|Any CPU
		{BDDEF853-F3B0-4674-B475-1877214F0CE7}.Debug|Any CPU.ActiveCfg = Debug|Any CPU
		{BDDEF853-F3B0-4674-B475-1877214F0CE7}.Debug|Any CPU.Build.0 = Debug|Any CPU
		{BDDEF853-F3B0-4674-B475-1877214F0CE7}.Debug|x64.ActiveCfg = Debug|Any CPU
		{BDDEF853-F3B0-4674-B475-1877214F0CE7}.Debug|x64.Build.0 = Debug|Any CPU
		{BDDEF853-F3B0-4674-B475-1877214F0CE7}.Debug|x86.ActiveCfg = Debug|Any CPU
		{BDDEF853-F3B0-4674-B475-1877214F0CE7}.Debug|x86.Build.0 = Debug|Any CPU
		{BDDEF853-F3B0-4674-B475-1877214F0CE7}.Release|Any CPU.ActiveCfg = Release|Any CPU
		{BDDEF853-F3B0-4674-B475-1877214F0CE7}.Release|Any CPU.Build.0 = Release|Any CPU
		{BDDEF853-F3B0-4674-B475-1877214F0CE7}.Release|x64.ActiveCfg = Release|Any CPU
		{BDDEF853-F3B0-4674-B475-1877214F0CE7}.Release|x64.Build.0 = Release|Any CPU
		{BDDEF853-F3B0-4674-B475-1877214F0CE7}.Release|x86.ActiveCfg = Release|Any CPU
		{BDDEF853-F3B0-4674-B475-1877214F0CE7}.Release|x86.Build.0 = Release|Any CPU
		{58D9A9AC-B9F8-4404-8534-C503D4C390D8}.Debug|Any CPU.ActiveCfg = Debug|Any CPU
		{58D9A9AC-B9F8-4404-8534-C503D4C390D8}.Debug|Any CPU.Build.0 = Debug|Any CPU
		{58D9A9AC-B9F8-4404-8534-C503D4C390D8}.Debug|x64.ActiveCfg = Debug|Any CPU
		{58D9A9AC-B9F8-4404-8534-C503D4C390D8}.Debug|x64.Build.0 = Debug|Any CPU
		{58D9A9AC-B9F8-4404-8534-C503D4C390D8}.Debug|x86.ActiveCfg = Debug|Any CPU
		{58D9A9AC-B9F8-4404-8534-C503D4C390D8}.Debug|x86.Build.0 = Debug|Any CPU
		{58D9A9AC-B9F8-4404-8534-C503D4C390D8}.Release|Any CPU.ActiveCfg = Release|Any CPU
		{58D9A9AC-B9F8-4404-8534-C503D4C390D8}.Release|Any CPU.Build.0 = Release|Any CPU
		{58D9A9AC-B9F8-4404-8534-C503D4C390D8}.Release|x64.ActiveCfg = Release|Any CPU
		{58D9A9AC-B9F8-4404-8534-C503D4C390D8}.Release|x64.Build.0 = Release|Any CPU
		{58D9A9AC-B9F8-4404-8534-C503D4C390D8}.Release|x86.ActiveCfg = Release|Any CPU
		{58D9A9AC-B9F8-4404-8534-C503D4C390D8}.Release|x86.Build.0 = Release|Any CPU
	EndGlobalSection
	GlobalSection(SolutionProperties) = preSolution
		HideSolutionNode = FALSE
	EndGlobalSection
EndGlobal
